
Microsoft Visual Studio Solution File, Format Version 12.00
# Visual Studio 15
VisualStudioVersion = 15.0.28010.2003
MinimumVisualStudioVersion = 10.0.40219.1
Project("{9A19103F-16F7-4668-BE54-9A1E7A4F7556}") = "WDNUtils.Common", "..\src\WDNUtils.Common\WDNUtils.Common.csproj", "{9EBE97FE-EBE5-47AF-B0F8-800C3A8C8F10}"
EndProject
Project("{FAE04EC0-301F-11D3-BF4B-00C04F79EFBC}") = "WDNUtils.Oracle.Core", "..\src\WDNUtils.Oracle.Core\WDNUtils.Oracle.Core.csproj", "{547E2A68-462B-4B4E-A38A-135035899009}"
EndProject
Project("{FAE04EC0-301F-11D3-BF4B-00C04F79EFBC}") = "WDNUtils.Oracle.Win32", "..\src\WDNUtils.Oracle.Win32\WDNUtils.Oracle.Win32.csproj", "{1A8B0316-3EB9-4E2C-B714-29F6AAAEB978}"
EndProject
Project("{9A19103F-16F7-4668-BE54-9A1E7A4F7556}") = "WDNUtils.Common.Test", "WDNUtils.Common.Test\WDNUtils.Common.Test.csproj", "{6C1917A9-4AF3-4F52-8028-0E5E8A05A583}"
EndProject
Global
	GlobalSection(SolutionConfigurationPlatforms) = preSolution
		Debug|Any CPU = Debug|Any CPU
		Release|Any CPU = Release|Any CPU
	EndGlobalSection
	GlobalSection(ProjectConfigurationPlatforms) = postSolution
		{9EBE97FE-EBE5-47AF-B0F8-800C3A8C8F10}.Debug|Any CPU.ActiveCfg = Debug|Any CPU
		{9EBE97FE-EBE5-47AF-B0F8-800C3A8C8F10}.Debug|Any CPU.Build.0 = Debug|Any CPU
		{9EBE97FE-EBE5-47AF-B0F8-800C3A8C8F10}.Release|Any CPU.ActiveCfg = Release|Any CPU
		{9EBE97FE-EBE5-47AF-B0F8-800C3A8C8F10}.Release|Any CPU.Build.0 = Release|Any CPU
		{547E2A68-462B-4B4E-A38A-135035899009}.Debug|Any CPU.ActiveCfg = Debug|Any CPU
		{547E2A68-462B-4B4E-A38A-135035899009}.Debug|Any CPU.Build.0 = Debug|Any CPU
		{547E2A68-462B-4B4E-A38A-135035899009}.Release|Any CPU.ActiveCfg = Release|Any CPU
		{547E2A68-462B-4B4E-A38A-135035899009}.Release|Any CPU.Build.0 = Release|Any CPU
		{1A8B0316-3EB9-4E2C-B714-29F6AAAEB978}.Debug|Any CPU.ActiveCfg = Debug|Any CPU
		{1A8B0316-3EB9-4E2C-B714-29F6AAAEB978}.Debug|Any CPU.Build.0 = Debug|Any CPU
		{1A8B0316-3EB9-4E2C-B714-29F6AAAEB978}.Release|Any CPU.ActiveCfg = Release|Any CPU
		{1A8B0316-3EB9-4E2C-B714-29F6AAAEB978}.Release|Any CPU.Build.0 = Release|Any CPU
		{6C1917A9-4AF3-4F52-8028-0E5E8A05A583}.Debug|Any CPU.ActiveCfg = Debug|Any CPU
		{6C1917A9-4AF3-4F52-8028-0E5E8A05A583}.Debug|Any CPU.Build.0 = Debug|Any CPU
		{6C1917A9-4AF3-4F52-8028-0E5E8A05A583}.Release|Any CPU.ActiveCfg = Release|Any CPU
		{6C1917A9-4AF3-4F52-8028-0E5E8A05A583}.Release|Any CPU.Build.0 = Release|Any CPU
	EndGlobalSection
	GlobalSection(SolutionProperties) = preSolution
		HideSolutionNode = FALSE
	EndGlobalSection
	GlobalSection(ExtensibilityGlobals) = postSolution
		SolutionGuid = {05D3E6E9-9E09-4974-B6D5-06AACDE438E1}
	EndGlobalSection
EndGlobal
